
Microsoft Visual Studio Solution File, Format Version 12.00
# Visual Studio Version 17
VisualStudioVersion = 17.11.35312.102
MinimumVisualStudioVersion = 10.0.40219.1
Project("{FAE04EC0-301F-11D3-BF4B-00C04F79EFBC}") = "FiziQuizz", "FiziQuizz.csproj", "{8E27AB00-CF38-42D4-BB6C-5115E80FBD86}"
EndProject
Global
	GlobalSection(SolutionConfigurationPlatforms) = preSolution
		Debug|Any CPU = Debug|Any CPU
		Release|Any CPU = Release|Any CPU
	EndGlobalSection
	GlobalSection(ProjectConfigurationPlatforms) = postSolution
		{8E27AB00-CF38-42D4-BB6C-5115E80FBD86}.Debug|Any CPU.ActiveCfg = Debug|Any CPU
		{8E27AB00-CF38-42D4-BB6C-5115E80FBD86}.Debug|Any CPU.Build.0 = Debug|Any CPU
		{8E27AB00-CF38-42D4-BB6C-5115E80FBD86}.Release|Any CPU.ActiveCfg = Release|Any CPU
		{8E27AB00-CF38-42D4-BB6C-5115E80FBD86}.Release|Any CPU.Build.0 = Release|Any CPU
	EndGlobalSection
	GlobalSection(SolutionProperties) = preSolution
		HideSolutionNode = FALSE
	EndGlobalSection
	GlobalSection(ExtensibilityGlobals) = postSolution
		SolutionGuid = {B9911BC6-0C77-4B6D-BEE8-5DD1B5D55AC9}
	EndGlobalSection
EndGlobal
